# This file is automatically @generated by Cargo.
# It is not intended for manual editing.
version = 4

[[package]]
name = "abi"
version = "0.1.0"

[[package]]
name = "address_space_map"
version = "0.1.0"

[[package]]
name = "argument_protocol"
version = "0.1.0"

[[package]]
name = "counter_frequency_protocol"
version = "0.1.0"

[[package]]
name = "current_cpu_protocol"
version = "0.1.0"
dependencies = [
 "address_space_map",
]

[[package]]
name = "elf"
version = "0.1.0"

[[package]]
name = "entropy_protocol"
version = "0.1.0"

[[package]]
name = "filesystem_protocol"
version = "0.1.0"

[[package]]
name = "glob"
version = "0.1.0"

[[package]]
name = "grant_plan"
version = "0.1.0"
dependencies = [
 "argument_protocol",
 "glob",
]

[[package]]
name = "http_response"
version = "0.1.0"

[[package]]
name = "jig"
version = "0.1.0"
dependencies = [
 "abi",
 "address_space_map",
 "filesystem_protocol",
 "grant_plan",
 "http_response",
 "manifest_note",
 "package_archive",
 "socket_protocol",
 "std_runtime_protocol",
 "user_mode_runtime",
]

[[package]]
name = "manifest_note"
version = "0.1.0"
dependencies = [
 "grant_plan",
]

[[package]]
name = "measured_boot"
version = "0.1.0"
dependencies = [
 "elf",
]

[[package]]
name = "package_archive"
version = "0.1.0"
dependencies = [
 "measured_boot",
]

[[package]]
name = "socket_protocol"
version = "0.1.0"

[[package]]
name = "std_runtime_protocol"
version = "0.1.0"

[[package]]
name = "user_mode_heap"
version = "0.1.0"

[[package]]
name = "user_mode_runtime"
version = "0.1.0"
dependencies = [
 "abi",
 "address_space_map",
 "counter_frequency_protocol",
 "current_cpu_protocol",
 "entropy_protocol",
 "user_mode_heap",
]
